// !$*UTF8*$!
{
	archiveVersion = 1;
	classes = {
	};
	objectVersion = 46;
	objects = {

/* Begin PBXBuildFile section */
		323E22BC1C123996006D6FC9 /* StatAttributes+CoreDataProperties.swift in Sources */ = {isa = PBXBuildFile; fileRef = 323E22B21C123996006D6FC9 /* StatAttributes+CoreDataProperties.swift */; };
		323E22BD1C123996006D6FC9 /* StatAttributes.swift in Sources */ = {isa = PBXBuildFile; fileRef = 323E22B31C123996006D6FC9 /* StatAttributes.swift */; };
		323E22BE1C123996006D6FC9 /* SkillAttributes+CoreDataProperties.swift in Sources */ = {isa = PBXBuildFile; fileRef = 323E22B41C123996006D6FC9 /* SkillAttributes+CoreDataProperties.swift */; };
		323E22BF1C123996006D6FC9 /* SkillAttributes.swift in Sources */ = {isa = PBXBuildFile; fileRef = 323E22B51C123996006D6FC9 /* SkillAttributes.swift */; };
		323E22C01C123996006D6FC9 /* InventoryAttributes+CoreDataProperties.swift in Sources */ = {isa = PBXBuildFile; fileRef = 323E22B61C123996006D6FC9 /* InventoryAttributes+CoreDataProperties.swift */; };
		323E22C11C123996006D6FC9 /* InventoryAttributes.swift in Sources */ = {isa = PBXBuildFile; fileRef = 323E22B71C123996006D6FC9 /* InventoryAttributes.swift */; };
		323E22C21C123996006D6FC9 /* SpellAttributes+CoreDataProperties.swift in Sources */ = {isa = PBXBuildFile; fileRef = 323E22B81C123996006D6FC9 /* SpellAttributes+CoreDataProperties.swift */; };
		323E22C31C123996006D6FC9 /* SpellAttributes.swift in Sources */ = {isa = PBXBuildFile; fileRef = 323E22B91C123996006D6FC9 /* SpellAttributes.swift */; };
		323E22C41C123996006D6FC9 /* CounterAttributes+CoreDataProperties.swift in Sources */ = {isa = PBXBuildFile; fileRef = 323E22BA1C123996006D6FC9 /* CounterAttributes+CoreDataProperties.swift */; };
		323E22C51C123996006D6FC9 /* CounterAttributes.swift in Sources */ = {isa = PBXBuildFile; fileRef = 323E22BB1C123996006D6FC9 /* CounterAttributes.swift */; };
		325BD98B1C10CADE00CDE602 /* myCoreDataModel.xcdatamodeld in Sources */ = {isa = PBXBuildFile; fileRef = 325BD9891C10CADE00CDE602 /* myCoreDataModel.xcdatamodeld */; };
		325BD9951C10CCFA00CDE602 /* CharAttributes+CoreDataProperties.swift in Sources */ = {isa = PBXBuildFile; fileRef = 325BD9931C10CCFA00CDE602 /* CharAttributes+CoreDataProperties.swift */; };
		325BD9961C10CCFA00CDE602 /* CharAttributes.swift in Sources */ = {isa = PBXBuildFile; fileRef = 325BD9941C10CCFA00CDE602 /* CharAttributes.swift */; };
		3275A8751BEEA2DC00E0373E /* AppDelegate.swift in Sources */ = {isa = PBXBuildFile; fileRef = 3275A8741BEEA2DC00E0373E /* AppDelegate.swift */; };
		3275A8771BEEA2DC00E0373E /* ViewController.swift in Sources */ = {isa = PBXBuildFile; fileRef = 3275A8761BEEA2DC00E0373E /* ViewController.swift */; };
		3275A87C1BEEA2DC00E0373E /* Assets.xcassets in Resources */ = {isa = PBXBuildFile; fileRef = 3275A87B1BEEA2DC00E0373E /* Assets.xcassets */; };
		3275A87F1BEEA2DC00E0373E /* LaunchScreen.storyboard in Resources */ = {isa = PBXBuildFile; fileRef = 3275A87D1BEEA2DC00E0373E /* LaunchScreen.storyboard */; };
		3275A88A1BEEA2DC00E0373E /* tabletopHelperTests.swift in Sources */ = {isa = PBXBuildFile; fileRef = 3275A8891BEEA2DC00E0373E /* tabletopHelperTests.swift */; };
		3275A8951BEEA2DC00E0373E /* tabletopHelperUITests.swift in Sources */ = {isa = PBXBuildFile; fileRef = 3275A8941BEEA2DC00E0373E /* tabletopHelperUITests.swift */; };
		3275A8AA1BEED7CB00E0373E /* DiceViewController.swift in Sources */ = {isa = PBXBuildFile; fileRef = 3275A8A91BEED7CB00E0373E /* DiceViewController.swift */; };
		328032481C0BDC3B00FA51EF /* StatTableViewCell.swift in Sources */ = {isa = PBXBuildFile; fileRef = 328032471C0BDC3B00FA51EF /* StatTableViewCell.swift */; };
		329A84591C0BE42D007FD7E6 /* statTableVC.swift in Sources */ = {isa = PBXBuildFile; fileRef = 329A84581C0BE42D007FD7E6 /* statTableVC.swift */; };
		32B738A21C001D8C004B50F0 /* TableTextViewController.swift in Sources */ = {isa = PBXBuildFile; fileRef = 32B738A11C001D8C004B50F0 /* TableTextViewController.swift */; };
		32B738A41C002763004B50F0 /* MyTableViewCell.swift in Sources */ = {isa = PBXBuildFile; fileRef = 32B738A31C002763004B50F0 /* MyTableViewCell.swift */; };
		32B73F1E1C0032A1004B50F0 /* Main.storyboard in Resources */ = {isa = PBXBuildFile; fileRef = 32B73F1C1C0032A1004B50F0 /* Main.storyboard */; };
		32EC74E31C0D702300053453 /* InventoryVC.swift in Sources */ = {isa = PBXBuildFile; fileRef = 32EC74E21C0D702300053453 /* InventoryVC.swift */; };
		32EC74E51C0D71DD00053453 /* InventoryCell.swift in Sources */ = {isa = PBXBuildFile; fileRef = 32EC74E41C0D71DD00053453 /* InventoryCell.swift */; };
		32EC74E71C0D773900053453 /* spellVC.swift in Sources */ = {isa = PBXBuildFile; fileRef = 32EC74E61C0D773900053453 /* spellVC.swift */; };
		32EC74E91C0D774C00053453 /* spellCell.swift in Sources */ = {isa = PBXBuildFile; fileRef = 32EC74E81C0D774C00053453 /* spellCell.swift */; };
		32EC74EB1C0D7A6600053453 /* skillVC.swift in Sources */ = {isa = PBXBuildFile; fileRef = 32EC74EA1C0D7A6600053453 /* skillVC.swift */; };
		32EC74ED1C0D7A7700053453 /* skillCell.swift in Sources */ = {isa = PBXBuildFile; fileRef = 32EC74EC1C0D7A7700053453 /* skillCell.swift */; };
/* End PBXBuildFile section */

/* Begin PBXContainerItemProxy section */
		3275A8861BEEA2DC00E0373E /* PBXContainerItemProxy */ = {
			isa = PBXContainerItemProxy;
			containerPortal = 3275A8691BEEA2DC00E0373E /* Project object */;
			proxyType = 1;
			remoteGlobalIDString = 3275A8701BEEA2DC00E0373E;
			remoteInfo = tabletopHelper;
		};
		3275A8911BEEA2DC00E0373E /* PBXContainerItemProxy */ = {
			isa = PBXContainerItemProxy;
			containerPortal = 3275A8691BEEA2DC00E0373E /* Project object */;
			proxyType = 1;
			remoteGlobalIDString = 3275A8701BEEA2DC00E0373E;
			remoteInfo = tabletopHelper;
		};
/* End PBXContainerItemProxy section */

/* Begin PBXFileReference section */
		323E22B21C123996006D6FC9 /* StatAttributes+CoreDataProperties.swift */ = {isa = PBXFileReference; fileEncoding = 4; lastKnownFileType = sourcecode.swift; path = "StatAttributes+CoreDataProperties.swift"; sourceTree = "<group>"; };
		323E22B31C123996006D6FC9 /* StatAttributes.swift */ = {isa = PBXFileReference; fileEncoding = 4; lastKnownFileType = sourcecode.swift; path = StatAttributes.swift; sourceTree = "<group>"; };
		323E22B41C123996006D6FC9 /* SkillAttributes+CoreDataProperties.swift */ = {isa = PBXFileReference; fileEncoding = 4; lastKnownFileType = sourcecode.swift; path = "SkillAttributes+CoreDataProperties.swift"; sourceTree = "<group>"; };
		323E22B51C123996006D6FC9 /* SkillAttributes.swift */ = {isa = PBXFileReference; fileEncoding = 4; lastKnownFileType = sourcecode.swift; path = SkillAttributes.swift; sourceTree = "<group>"; };
		323E22B61C123996006D6FC9 /* InventoryAttributes+CoreDataProperties.swift */ = {isa = PBXFileReference; fileEncoding = 4; lastKnownFileType = sourcecode.swift; path = "InventoryAttributes+CoreDataProperties.swift"; sourceTree = "<group>"; };
		323E22B71C123996006D6FC9 /* InventoryAttributes.swift */ = {isa = PBXFileReference; fileEncoding = 4; lastKnownFileType = sourcecode.swift; path = InventoryAttributes.swift; sourceTree = "<group>"; };
		323E22B81C123996006D6FC9 /* SpellAttributes+CoreDataProperties.swift */ = {isa = PBXFileReference; fileEncoding = 4; lastKnownFileType = sourcecode.swift; path = "SpellAttributes+CoreDataProperties.swift"; sourceTree = "<group>"; };
		323E22B91C123996006D6FC9 /* SpellAttributes.swift */ = {isa = PBXFileReference; fileEncoding = 4; lastKnownFileType = sourcecode.swift; path = SpellAttributes.swift; sourceTree = "<group>"; };
		323E22BA1C123996006D6FC9 /* CounterAttributes+CoreDataProperties.swift */ = {isa = PBXFileReference; fileEncoding = 4; lastKnownFileType = sourcecode.swift; path = "CounterAttributes+CoreDataProperties.swift"; sourceTree = "<group>"; };
		323E22BB1C123996006D6FC9 /* CounterAttributes.swift */ = {isa = PBXFileReference; fileEncoding = 4; lastKnownFileType = sourcecode.swift; path = CounterAttributes.swift; sourceTree = "<group>"; };
		325BD98A1C10CADE00CDE602 /* myCoreDataModel.xcdatamodel */ = {isa = PBXFileReference; lastKnownFileType = wrapper.xcdatamodel; path = myCoreDataModel.xcdatamodel; sourceTree = "<group>"; };
		325BD98C1C10CCBC00CDE602 /* tabletopHelper-Bridging-Header.h */ = {isa = PBXFileReference; lastKnownFileType = sourcecode.c.h; path = "tabletopHelper-Bridging-Header.h"; sourceTree = "<group>"; };
		325BD9931C10CCFA00CDE602 /* CharAttributes+CoreDataProperties.swift */ = {isa = PBXFileReference; fileEncoding = 4; lastKnownFileType = sourcecode.swift; path = "CharAttributes+CoreDataProperties.swift"; sourceTree = "<group>"; };
		325BD9941C10CCFA00CDE602 /* CharAttributes.swift */ = {isa = PBXFileReference; fileEncoding = 4; lastKnownFileType = sourcecode.swift; path = CharAttributes.swift; sourceTree = "<group>"; };
		3275A8711BEEA2DC00E0373E /* tabletopHelper.app */ = {isa = PBXFileReference; explicitFileType = wrapper.application; includeInIndex = 0; path = tabletopHelper.app; sourceTree = BUILT_PRODUCTS_DIR; };
		3275A8741BEEA2DC00E0373E /* AppDelegate.swift */ = {isa = PBXFileReference; lastKnownFileType = sourcecode.swift; path = AppDelegate.swift; sourceTree = "<group>"; };
		3275A8761BEEA2DC00E0373E /* ViewController.swift */ = {isa = PBXFileReference; lastKnownFileType = sourcecode.swift; path = ViewController.swift; sourceTree = "<group>"; };
		3275A87B1BEEA2DC00E0373E /* Assets.xcassets */ = {isa = PBXFileReference; lastKnownFileType = folder.assetcatalog; path = Assets.xcassets; sourceTree = "<group>"; };
		3275A87E1BEEA2DC00E0373E /* Base */ = {isa = PBXFileReference; lastKnownFileType = file.storyboard; name = Base; path = Base.lproj/LaunchScreen.storyboard; sourceTree = "<group>"; };
		3275A8801BEEA2DC00E0373E /* Info.plist */ = {isa = PBXFileReference; lastKnownFileType = text.plist.xml; path = Info.plist; sourceTree = "<group>"; };
		3275A8851BEEA2DC00E0373E /* tabletopHelperTests.xctest */ = {isa = PBXFileReference; explicitFileType = wrapper.cfbundle; includeInIndex = 0; path = tabletopHelperTests.xctest; sourceTree = BUILT_PRODUCTS_DIR; };
		3275A8891BEEA2DC00E0373E /* tabletopHelperTests.swift */ = {isa = PBXFileReference; lastKnownFileType = sourcecode.swift; path = tabletopHelperTests.swift; sourceTree = "<group>"; };
		3275A88B1BEEA2DC00E0373E /* Info.plist */ = {isa = PBXFileReference; lastKnownFileType = text.plist.xml; path = Info.plist; sourceTree = "<group>"; };
		3275A8901BEEA2DC00E0373E /* tabletopHelperUITests.xctest */ = {isa = PBXFileReference; explicitFileType = wrapper.cfbundle; includeInIndex = 0; path = tabletopHelperUITests.xctest; sourceTree = BUILT_PRODUCTS_DIR; };
		3275A8941BEEA2DC00E0373E /* tabletopHelperUITests.swift */ = {isa = PBXFileReference; lastKnownFileType = sourcecode.swift; path = tabletopHelperUITests.swift; sourceTree = "<group>"; };
		3275A8961BEEA2DC00E0373E /* Info.plist */ = {isa = PBXFileReference; lastKnownFileType = text.plist.xml; path = Info.plist; sourceTree = "<group>"; };
		3275A8A91BEED7CB00E0373E /* DiceViewController.swift */ = {isa = PBXFileReference; fileEncoding = 4; lastKnownFileType = sourcecode.swift; path = DiceViewController.swift; sourceTree = "<group>"; };
		328032471C0BDC3B00FA51EF /* StatTableViewCell.swift */ = {isa = PBXFileReference; fileEncoding = 4; lastKnownFileType = sourcecode.swift; path = StatTableViewCell.swift; sourceTree = "<group>"; };
		329A84581C0BE42D007FD7E6 /* statTableVC.swift */ = {isa = PBXFileReference; fileEncoding = 4; lastKnownFileType = sourcecode.swift; path = statTableVC.swift; sourceTree = "<group>"; };
		32B738A11C001D8C004B50F0 /* TableTextViewController.swift */ = {isa = PBXFileReference; fileEncoding = 4; lastKnownFileType = sourcecode.swift; path = TableTextViewController.swift; sourceTree = "<group>"; };
		32B738A31C002763004B50F0 /* MyTableViewCell.swift */ = {isa = PBXFileReference; fileEncoding = 4; lastKnownFileType = sourcecode.swift; path = MyTableViewCell.swift; sourceTree = "<group>"; };
		32B73F1D1C0032A1004B50F0 /* Base */ = {isa = PBXFileReference; lastKnownFileType = file.storyboard; name = Base; path = Base.lproj/Main.storyboard; sourceTree = "<group>"; };
		32EC74E21C0D702300053453 /* InventoryVC.swift */ = {isa = PBXFileReference; fileEncoding = 4; lastKnownFileType = sourcecode.swift; path = InventoryVC.swift; sourceTree = "<group>"; };
		32EC74E41C0D71DD00053453 /* InventoryCell.swift */ = {isa = PBXFileReference; fileEncoding = 4; lastKnownFileType = sourcecode.swift; path = InventoryCell.swift; sourceTree = "<group>"; };
		32EC74E61C0D773900053453 /* spellVC.swift */ = {isa = PBXFileReference; fileEncoding = 4; lastKnownFileType = sourcecode.swift; path = spellVC.swift; sourceTree = "<group>"; };
		32EC74E81C0D774C00053453 /* spellCell.swift */ = {isa = PBXFileReference; fileEncoding = 4; lastKnownFileType = sourcecode.swift; path = spellCell.swift; sourceTree = "<group>"; };
		32EC74EA1C0D7A6600053453 /* skillVC.swift */ = {isa = PBXFileReference; fileEncoding = 4; lastKnownFileType = sourcecode.swift; path = skillVC.swift; sourceTree = "<group>"; };
		32EC74EC1C0D7A7700053453 /* skillCell.swift */ = {isa = PBXFileReference; fileEncoding = 4; lastKnownFileType = sourcecode.swift; path = skillCell.swift; sourceTree = "<group>"; };
/* End PBXFileReference section */

/* Begin PBXFrameworksBuildPhase section */
		3275A86E1BEEA2DC00E0373E /* Frameworks */ = {
			isa = PBXFrameworksBuildPhase;
			buildActionMask = 2147483647;
			files = (
			);
			runOnlyForDeploymentPostprocessing = 0;
		};
		3275A8821BEEA2DC00E0373E /* Frameworks */ = {
			isa = PBXFrameworksBuildPhase;
			buildActionMask = 2147483647;
			files = (
			);
			runOnlyForDeploymentPostprocessing = 0;
		};
		3275A88D1BEEA2DC00E0373E /* Frameworks */ = {
			isa = PBXFrameworksBuildPhase;
			buildActionMask = 2147483647;
			files = (
			);
			runOnlyForDeploymentPostprocessing = 0;
		};
/* End PBXFrameworksBuildPhase section */

/* Begin PBXGroup section */
		3275A8681BEEA2DC00E0373E = {
			isa = PBXGroup;
			children = (
				323E22B21C123996006D6FC9 /* StatAttributes+CoreDataProperties.swift */,
				323E22B31C123996006D6FC9 /* StatAttributes.swift */,
				323E22B41C123996006D6FC9 /* SkillAttributes+CoreDataProperties.swift */,
				323E22B51C123996006D6FC9 /* SkillAttributes.swift */,
				323E22B61C123996006D6FC9 /* InventoryAttributes+CoreDataProperties.swift */,
				323E22B71C123996006D6FC9 /* InventoryAttributes.swift */,
				323E22B81C123996006D6FC9 /* SpellAttributes+CoreDataProperties.swift */,
				323E22B91C123996006D6FC9 /* SpellAttributes.swift */,
				323E22BA1C123996006D6FC9 /* CounterAttributes+CoreDataProperties.swift */,
				323E22BB1C123996006D6FC9 /* CounterAttributes.swift */,
				325BD9931C10CCFA00CDE602 /* CharAttributes+CoreDataProperties.swift */,
				325BD9941C10CCFA00CDE602 /* CharAttributes.swift */,
				3275A8731BEEA2DC00E0373E /* tabletopHelper */,
				3275A8881BEEA2DC00E0373E /* tabletopHelperTests */,
				3275A8931BEEA2DC00E0373E /* tabletopHelperUITests */,
				3275A8721BEEA2DC00E0373E /* Products */,
				325BD98C1C10CCBC00CDE602 /* tabletopHelper-Bridging-Header.h */,
			);
			sourceTree = "<group>";
		};
		3275A8721BEEA2DC00E0373E /* Products */ = {
			isa = PBXGroup;
			children = (
				3275A8711BEEA2DC00E0373E /* tabletopHelper.app */,
				3275A8851BEEA2DC00E0373E /* tabletopHelperTests.xctest */,
				3275A8901BEEA2DC00E0373E /* tabletopHelperUITests.xctest */,
			);
			name = Products;
			sourceTree = "<group>";
		};
		3275A8731BEEA2DC00E0373E /* tabletopHelper */ = {
			isa = PBXGroup;
			children = (
				3275A8741BEEA2DC00E0373E /* AppDelegate.swift */,
				3275A8761BEEA2DC00E0373E /* ViewController.swift */,
				32B73F1C1C0032A1004B50F0 /* Main.storyboard */,
				32EC74EA1C0D7A6600053453 /* skillVC.swift */,
				32EC74EC1C0D7A7700053453 /* skillCell.swift */,
				32EC74E61C0D773900053453 /* spellVC.swift */,
				32EC74E81C0D774C00053453 /* spellCell.swift */,
				32EC74E41C0D71DD00053453 /* InventoryCell.swift */,
				32EC74E21C0D702300053453 /* InventoryVC.swift */,
				329A84581C0BE42D007FD7E6 /* statTableVC.swift */,
				328032471C0BDC3B00FA51EF /* StatTableViewCell.swift */,
				32B738A31C002763004B50F0 /* MyTableViewCell.swift */,
				32B738A11C001D8C004B50F0 /* TableTextViewController.swift */,
				3275A87B1BEEA2DC00E0373E /* Assets.xcassets */,
				3275A87D1BEEA2DC00E0373E /* LaunchScreen.storyboard */,
				3275A8801BEEA2DC00E0373E /* Info.plist */,
				3275A8A91BEED7CB00E0373E /* DiceViewController.swift */,
				325BD9891C10CADE00CDE602 /* myCoreDataModel.xcdatamodeld */,
			);
			path = tabletopHelper;
			sourceTree = "<group>";
		};
		3275A8881BEEA2DC00E0373E /* tabletopHelperTests */ = {
			isa = PBXGroup;
			children = (
				3275A8891BEEA2DC00E0373E /* tabletopHelperTests.swift */,
				3275A88B1BEEA2DC00E0373E /* Info.plist */,
			);
			path = tabletopHelperTests;
			sourceTree = "<group>";
		};
		3275A8931BEEA2DC00E0373E /* tabletopHelperUITests */ = {
			isa = PBXGroup;
			children = (
				3275A8941BEEA2DC00E0373E /* tabletopHelperUITests.swift */,
				3275A8961BEEA2DC00E0373E /* Info.plist */,
			);
			path = tabletopHelperUITests;
			sourceTree = "<group>";
		};
/* End PBXGroup section */

/* Begin PBXNativeTarget section */
		3275A8701BEEA2DC00E0373E /* tabletopHelper */ = {
			isa = PBXNativeTarget;
			buildConfigurationList = 3275A8991BEEA2DC00E0373E /* Build configuration list for PBXNativeTarget "tabletopHelper" */;
			buildPhases = (
				3275A86D1BEEA2DC00E0373E /* Sources */,
				3275A86E1BEEA2DC00E0373E /* Frameworks */,
				3275A86F1BEEA2DC00E0373E /* Resources */,
			);
			buildRules = (
			);
			dependencies = (
			);
			name = tabletopHelper;
			productName = tabletopHelper;
			productReference = 3275A8711BEEA2DC00E0373E /* tabletopHelper.app */;
			productType = "com.apple.product-type.application";
		};
		3275A8841BEEA2DC00E0373E /* tabletopHelperTests */ = {
			isa = PBXNativeTarget;
			buildConfigurationList = 3275A89C1BEEA2DC00E0373E /* Build configuration list for PBXNativeTarget "tabletopHelperTests" */;
			buildPhases = (
				3275A8811BEEA2DC00E0373E /* Sources */,
				3275A8821BEEA2DC00E0373E /* Frameworks */,
				3275A8831BEEA2DC00E0373E /* Resources */,
			);
			buildRules = (
			);
			dependencies = (
				3275A8871BEEA2DC00E0373E /* PBXTargetDependency */,
			);
			name = tabletopHelperTests;
			productName = tabletopHelperTests;
			productReference = 3275A8851BEEA2DC00E0373E /* tabletopHelperTests.xctest */;
			productType = "com.apple.product-type.bundle.unit-test";
		};
		3275A88F1BEEA2DC00E0373E /* tabletopHelperUITests */ = {
			isa = PBXNativeTarget;
			buildConfigurationList = 3275A89F1BEEA2DC00E0373E /* Build configuration list for PBXNativeTarget "tabletopHelperUITests" */;
			buildPhases = (
				3275A88C1BEEA2DC00E0373E /* Sources */,
				3275A88D1BEEA2DC00E0373E /* Frameworks */,
				3275A88E1BEEA2DC00E0373E /* Resources */,
			);
			buildRules = (
			);
			dependencies = (
				3275A8921BEEA2DC00E0373E /* PBXTargetDependency */,
			);
			name = tabletopHelperUITests;
			productName = tabletopHelperUITests;
			productReference = 3275A8901BEEA2DC00E0373E /* tabletopHelperUITests.xctest */;
			productType = "com.apple.product-type.bundle.ui-testing";
		};
/* End PBXNativeTarget section */

/* Begin PBXProject section */
		3275A8691BEEA2DC00E0373E /* Project object */ = {
			isa = PBXProject;
			attributes = {
				LastSwiftUpdateCheck = 0710;
				LastUpgradeCheck = 0710;
				ORGANIZATIONNAME = "Bruce Randall";
				TargetAttributes = {
					3275A8701BEEA2DC00E0373E = {
						CreatedOnToolsVersion = 7.1;
						DevelopmentTeam = AX5R2A6XY5;
					};
					3275A8841BEEA2DC00E0373E = {
						CreatedOnToolsVersion = 7.1;
						TestTargetID = 3275A8701BEEA2DC00E0373E;
					};
					3275A88F1BEEA2DC00E0373E = {
						CreatedOnToolsVersion = 7.1;
						TestTargetID = 3275A8701BEEA2DC00E0373E;
					};
				};
			};
			buildConfigurationList = 3275A86C1BEEA2DC00E0373E /* Build configuration list for PBXProject "tabletopHelper" */;
			compatibilityVersion = "Xcode 3.2";
			developmentRegion = English;
			hasScannedForEncodings = 0;
			knownRegions = (
				en,
				Base,
			);
			mainGroup = 3275A8681BEEA2DC00E0373E;
			productRefGroup = 3275A8721BEEA2DC00E0373E /* Products */;
			projectDirPath = "";
			projectRoot = "";
			targets = (
				3275A8701BEEA2DC00E0373E /* tabletopHelper */,
				3275A8841BEEA2DC00E0373E /* tabletopHelperTests */,
				3275A88F1BEEA2DC00E0373E /* tabletopHelperUITests */,
			);
		};
/* End PBXProject section */

/* Begin PBXResourcesBuildPhase section */
		3275A86F1BEEA2DC00E0373E /* Resources */ = {
			isa = PBXResourcesBuildPhase;
			buildActionMask = 2147483647;
			files = (
				3275A87F1BEEA2DC00E0373E /* LaunchScreen.storyboard in Resources */,
				3275A87C1BEEA2DC00E0373E /* Assets.xcassets in Resources */,
				32B73F1E1C0032A1004B50F0 /* Main.storyboard in Resources */,
			);
			runOnlyForDeploymentPostprocessing = 0;
		};
		3275A8831BEEA2DC00E0373E /* Resources */ = {
			isa = PBXResourcesBuildPhase;
			buildActionMask = 2147483647;
			files = (
			);
			runOnlyForDeploymentPostprocessing = 0;
		};
		3275A88E1BEEA2DC00E0373E /* Resources */ = {
			isa = PBXResourcesBuildPhase;
			buildActionMask = 2147483647;
			files = (
			);
			runOnlyForDeploymentPostprocessing = 0;
		};
/* End PBXResourcesBuildPhase section */

/* Begin PBXSourcesBuildPhase section */
		3275A86D1BEEA2DC00E0373E /* Sources */ = {
			isa = PBXSourcesBuildPhase;
			buildActionMask = 2147483647;
			files = (
				32EC74EB1C0D7A6600053453 /* skillVC.swift in Sources */,
				3275A8771BEEA2DC00E0373E /* ViewController.swift in Sources */,
				323E22BD1C123996006D6FC9 /* StatAttributes.swift in Sources */,
				32EC74E71C0D773900053453 /* spellVC.swift in Sources */,
				328032481C0BDC3B00FA51EF /* StatTableViewCell.swift in Sources */,
				323E22C11C123996006D6FC9 /* InventoryAttributes.swift in Sources */,
				32B738A41C002763004B50F0 /* MyTableViewCell.swift in Sources */,
				323E22BE1C123996006D6FC9 /* SkillAttributes+CoreDataProperties.swift in Sources */,
				32EC74E91C0D774C00053453 /* spellCell.swift in Sources */,
				323E22C41C123996006D6FC9 /* CounterAttributes+CoreDataProperties.swift in Sources */,
				32EC74E31C0D702300053453 /* InventoryVC.swift in Sources */,
				323E22C21C123996006D6FC9 /* SpellAttributes+CoreDataProperties.swift in Sources */,
				323E22BC1C123996006D6FC9 /* StatAttributes+CoreDataProperties.swift in Sources */,
				329A84591C0BE42D007FD7E6 /* statTableVC.swift in Sources */,
				32EC74ED1C0D7A7700053453 /* skillCell.swift in Sources */,
				3275A8AA1BEED7CB00E0373E /* DiceViewController.swift in Sources */,
				323E22C31C123996006D6FC9 /* SpellAttributes.swift in Sources */,
				32EC74E51C0D71DD00053453 /* InventoryCell.swift in Sources */,
				323E22BF1C123996006D6FC9 /* SkillAttributes.swift in Sources */,
				32B738A21C001D8C004B50F0 /* TableTextViewController.swift in Sources */,
				325BD9961C10CCFA00CDE602 /* CharAttributes.swift in Sources */,
				325BD9951C10CCFA00CDE602 /* CharAttributes+CoreDataProperties.swift in Sources */,
				3275A8751BEEA2DC00E0373E /* AppDelegate.swift in Sources */,
				323E22C51C123996006D6FC9 /* CounterAttributes.swift in Sources */,
				323E22C01C123996006D6FC9 /* InventoryAttributes+CoreDataProperties.swift in Sources */,
				325BD98B1C10CADE00CDE602 /* myCoreDataModel.xcdatamodeld in Sources */,
			);
			runOnlyForDeploymentPostprocessing = 0;
		};
		3275A8811BEEA2DC00E0373E /* Sources */ = {
			isa = PBXSourcesBuildPhase;
			buildActionMask = 2147483647;
			files = (
				3275A88A1BEEA2DC00E0373E /* tabletopHelperTests.swift in Sources */,
			);
			runOnlyForDeploymentPostprocessing = 0;
		};
		3275A88C1BEEA2DC00E0373E /* Sources */ = {
			isa = PBXSourcesBuildPhase;
			buildActionMask = 2147483647;
			files = (
				3275A8951BEEA2DC00E0373E /* tabletopHelperUITests.swift in Sources */,
			);
			runOnlyForDeploymentPostprocessing = 0;
		};
/* End PBXSourcesBuildPhase section */

/* Begin PBXTargetDependency section */
		3275A8871BEEA2DC00E0373E /* PBXTargetDependency */ = {
			isa = PBXTargetDependency;
			target = 3275A8701BEEA2DC00E0373E /* tabletopHelper */;
			targetProxy = 3275A8861BEEA2DC00E0373E /* PBXContainerItemProxy */;
		};
		3275A8921BEEA2DC00E0373E /* PBXTargetDependency */ = {
			isa = PBXTargetDependency;
			target = 3275A8701BEEA2DC00E0373E /* tabletopHelper */;
			targetProxy = 3275A8911BEEA2DC00E0373E /* PBXContainerItemProxy */;
		};
/* End PBXTargetDependency section */

/* Begin PBXVariantGroup section */
		3275A87D1BEEA2DC00E0373E /* LaunchScreen.storyboard */ = {
			isa = PBXVariantGroup;
			children = (
				3275A87E1BEEA2DC00E0373E /* Base */,
			);
			name = LaunchScreen.storyboard;
			sourceTree = "<group>";
		};
		32B73F1C1C0032A1004B50F0 /* Main.storyboard */ = {
			isa = PBXVariantGroup;
			children = (
				32B73F1D1C0032A1004B50F0 /* Base */,
			);
			name = Main.storyboard;
			sourceTree = "<group>";
		};
/* End PBXVariantGroup section */

/* Begin XCBuildConfiguration section */
		3275A8971BEEA2DC00E0373E /* Debug */ = {
			isa = XCBuildConfiguration;
			buildSettings = {
				ALWAYS_SEARCH_USER_PATHS = NO;
				CLANG_CXX_LANGUAGE_STANDARD = "gnu++0x";
				CLANG_CXX_LIBRARY = "libc++";
				CLANG_ENABLE_MODULES = YES;
				CLANG_ENABLE_OBJC_ARC = YES;
				CLANG_WARN_BOOL_CONVERSION = YES;
				CLANG_WARN_CONSTANT_CONVERSION = YES;
				CLANG_WARN_DIRECT_OBJC_ISA_USAGE = YES_ERROR;
				CLANG_WARN_EMPTY_BODY = YES;
				CLANG_WARN_ENUM_CONVERSION = YES;
				CLANG_WARN_INT_CONVERSION = YES;
				CLANG_WARN_OBJC_ROOT_CLASS = YES_ERROR;
				CLANG_WARN_UNREACHABLE_CODE = YES;
				CLANG_WARN__DUPLICATE_METHOD_MATCH = YES;
				"CODE_SIGN_IDENTITY[sdk=iphoneos*]" = "iPhone Developer";
				COPY_PHASE_STRIP = NO;
				DEBUG_INFORMATION_FORMAT = dwarf;
				ENABLE_STRICT_OBJC_MSGSEND = YES;
				ENABLE_TESTABILITY = YES;
				GCC_C_LANGUAGE_STANDARD = gnu99;
				GCC_DYNAMIC_NO_PIC = NO;
				GCC_NO_COMMON_BLOCKS = YES;
				GCC_OPTIMIZATION_LEVEL = 0;
				GCC_PREPROCESSOR_DEFINITIONS = (
					"DEBUG=1",
					"$(inherited)",
				);
				GCC_WARN_64_TO_32_BIT_CONVERSION = YES;
				GCC_WARN_ABOUT_RETURN_TYPE = YES_ERROR;
				GCC_WARN_UNDECLARED_SELECTOR = YES;
				GCC_WARN_UNINITIALIZED_AUTOS = YES_AGGRESSIVE;
				GCC_WARN_UNUSED_FUNCTION = YES;
				GCC_WARN_UNUSED_VARIABLE = YES;
				IPHONEOS_DEPLOYMENT_TARGET = 9.1;
				MTL_ENABLE_DEBUG_INFO = YES;
				ONLY_ACTIVE_ARCH = YES;
				SDKROOT = iphoneos;
				SWIFT_OPTIMIZATION_LEVEL = "-Onone";
			};
			name = Debug;
		};
		3275A8981BEEA2DC00E0373E /* Release */ = {
			isa = XCBuildConfiguration;
			buildSettings = {
				ALWAYS_SEARCH_USER_PATHS = NO;
				CLANG_CXX_LANGUAGE_STANDARD = "gnu++0x";
				CLANG_CXX_LIBRARY = "libc++";
				CLANG_ENABLE_MODULES = YES;
				CLANG_ENABLE_OBJC_ARC = YES;
				CLANG_WARN_BOOL_CONVERSION = YES;
				CLANG_WARN_CONSTANT_CONVERSION = YES;
				CLANG_WARN_DIRECT_OBJC_ISA_USAGE = YES_ERROR;
				CLANG_WARN_EMPTY_BODY = YES;
				CLANG_WARN_ENUM_CONVERSION = YES;
				CLANG_WARN_INT_CONVERSION = YES;
				CLANG_WARN_OBJC_ROOT_CLASS = YES_ERROR;
				CLANG_WARN_UNREACHABLE_CODE = YES;
				CLANG_WARN__DUPLICATE_METHOD_MATCH = YES;
				"CODE_SIGN_IDENTITY[sdk=iphoneos*]" = "iPhone Developer";
				COPY_PHASE_STRIP = NO;
				DEBUG_INFORMATION_FORMAT = "dwarf-with-dsym";
				ENABLE_NS_ASSERTIONS = NO;
				ENABLE_STRICT_OBJC_MSGSEND = YES;
				GCC_C_LANGUAGE_STANDARD = gnu99;
				GCC_NO_COMMON_BLOCKS = YES;
				GCC_WARN_64_TO_32_BIT_CONVERSION = YES;
				GCC_WARN_ABOUT_RETURN_TYPE = YES_ERROR;
				GCC_WARN_UNDECLARED_SELECTOR = YES;
				GCC_WARN_UNINITIALIZED_AUTOS = YES_AGGRESSIVE;
				GCC_WARN_UNUSED_FUNCTION = YES;
				GCC_WARN_UNUSED_VARIABLE = YES;
				IPHONEOS_DEPLOYMENT_TARGET = 9.1;
				MTL_ENABLE_DEBUG_INFO = NO;
				SDKROOT = iphoneos;
				VALIDATE_PRODUCT = YES;
			};
			name = Release;
		};
		3275A89A1BEEA2DC00E0373E /* Debug */ = {
			isa = XCBuildConfiguration;
			buildSettings = {
				ASSETCATALOG_COMPILER_APPICON_NAME = AppIcon;
				CLANG_ENABLE_MODULES = YES;
				CODE_SIGN_IDENTITY = "iPhone Developer";
				"CODE_SIGN_IDENTITY[sdk=iphoneos*]" = "iPhone Developer";
				INFOPLIST_FILE = tabletopHelper/Info.plist;
				LD_RUNPATH_SEARCH_PATHS = "$(inherited) @executable_path/Frameworks";
				PRODUCT_BUNDLE_IDENTIFIER = com.bruceRandall.tabletopHelper;
				PRODUCT_NAME = "$(TARGET_NAME)";
				PROVISIONING_PROFILE = "";
				SWIFT_OBJC_BRIDGING_HEADER = "tabletopHelper-Bridging-Header.h";
				SWIFT_OPTIMIZATION_LEVEL = "-Onone";
				TARGETED_DEVICE_FAMILY = 1;
			};
			name = Debug;
		};
		3275A89B1BEEA2DC00E0373E /* Release */ = {
			isa = XCBuildConfiguration;
			buildSettings = {
				ASSETCATALOG_COMPILER_APPICON_NAME = AppIcon;
				CLANG_ENABLE_MODULES = YES;
				CODE_SIGN_IDENTITY = "iPhone Developer";
				"CODE_SIGN_IDENTITY[sdk=iphoneos*]" = "iPhone Developer";
				INFOPLIST_FILE = tabletopHelper/Info.plist;
				LD_RUNPATH_SEARCH_PATHS = "$(inherited) @executable_path/Frameworks";
				PRODUCT_BUNDLE_IDENTIFIER = com.bruceRandall.tabletopHelper;
				PRODUCT_NAME = "$(TARGET_NAME)";
				PROVISIONING_PROFILE = "";
				SWIFT_OBJC_BRIDGING_HEADER = "tabletopHelper-Bridging-Header.h";
				TARGETED_DEVICE_FAMILY = 1;
			};
			name = Release;
		};
		3275A89D1BEEA2DC00E0373E /* Debug */ = {
			isa = XCBuildConfiguration;
			buildSettings = {
				BUNDLE_LOADER = "$(TEST_HOST)";
				INFOPLIST_FILE = tabletopHelperTests/Info.plist;
				LD_RUNPATH_SEARCH_PATHS = "$(inherited) @executable_path/Frameworks @loader_path/Frameworks";
				PRODUCT_BUNDLE_IDENTIFIER = com.bruceRandall.tabletopHelperTests;
				PRODUCT_NAME = "$(TARGET_NAME)";
				TEST_HOST = "$(BUILT_PRODUCTS_DIR)/tabletopHelper.app/tabletopHelper";
			};
			name = Debug;
		};
		3275A89E1BEEA2DC00E0373E /* Release */ = {
			isa = XCBuildConfiguration;
			buildSettings = {
				BUNDLE_LOADER = "$(TEST_HOST)";
				INFOPLIST_FILE = tabletopHelperTests/Info.plist;
				LD_RUNPATH_SEARCH_PATHS = "$(inherited) @executable_path/Frameworks @loader_path/Frameworks";
				PRODUCT_BUNDLE_IDENTIFIER = com.bruceRandall.tabletopHelperTests;
				PRODUCT_NAME = "$(TARGET_NAME)";
				TEST_HOST = "$(BUILT_PRODUCTS_DIR)/tabletopHelper.app/tabletopHelper";
			};
			name = Release;
		};
		3275A8A01BEEA2DC00E0373E /* Debug */ = {
			isa = XCBuildConfiguration;
			buildSettings = {
				INFOPLIST_FILE = tabletopHelperUITests/Info.plist;
				LD_RUNPATH_SEARCH_PATHS = "$(inherited) @executable_path/Frameworks @loader_path/Frameworks";
				PRODUCT_BUNDLE_IDENTIFIER = com.bruceRandall.tabletopHelperUITests;
				PRODUCT_NAME = "$(TARGET_NAME)";
				TEST_TARGET_NAME = tabletopHelper;
				USES_XCTRUNNER = YES;
			};
			name = Debug;
		};
		3275A8A11BEEA2DC00E0373E /* Release */ = {
			isa = XCBuildConfiguration;
			buildSettings = {
				INFOPLIST_FILE = tabletopHelperUITests/Info.plist;
				LD_RUNPATH_SEARCH_PATHS = "$(inherited) @executable_path/Frameworks @loader_path/Frameworks";
				PRODUCT_BUNDLE_IDENTIFIER = com.bruceRandall.tabletopHelperUITests;
				PRODUCT_NAME = "$(TARGET_NAME)";
				TEST_TARGET_NAME = tabletopHelper;
				USES_XCTRUNNER = YES;
			};
			name = Release;
		};
/* End XCBuildConfiguration section */

/* Begin XCConfigurationList section */
		3275A86C1BEEA2DC00E0373E /* Build configuration list for PBXProject "tabletopHelper" */ = {
			isa = XCConfigurationList;
			buildConfigurations = (
				3275A8971BEEA2DC00E0373E /* Debug */,
				3275A8981BEEA2DC00E0373E /* Release */,
			);
			defaultConfigurationIsVisible = 0;
			defaultConfigurationName = Release;
		};
		3275A8991BEEA2DC00E0373E /* Build configuration list for PBXNativeTarget "tabletopHelper" */ = {
			isa = XCConfigurationList;
			buildConfigurations = (
				3275A89A1BEEA2DC00E0373E /* Debug */,
				3275A89B1BEEA2DC00E0373E /* Release */,
			);
			defaultConfigurationIsVisible = 0;
			defaultConfigurationName = Release;
		};
		3275A89C1BEEA2DC00E0373E /* Build configuration list for PBXNativeTarget "tabletopHelperTests" */ = {
			isa = XCConfigurationList;
			buildConfigurations = (
				3275A89D1BEEA2DC00E0373E /* Debug */,
				3275A89E1BEEA2DC00E0373E /* Release */,
			);
			defaultConfigurationIsVisible = 0;
			defaultConfigurationName = Release;
		};
		3275A89F1BEEA2DC00E0373E /* Build configuration list for PBXNativeTarget "tabletopHelperUITests" */ = {
			isa = XCConfigurationList;
			buildConfigurations = (
				3275A8A01BEEA2DC00E0373E /* Debug */,
				3275A8A11BEEA2DC00E0373E /* Release */,
			);
			defaultConfigurationIsVisible = 0;
			defaultConfigurationName = Release;
		};
/* End XCConfigurationList section */

/* Begin XCVersionGroup section */
		325BD9891C10CADE00CDE602 /* myCoreDataModel.xcdatamodeld */ = {
			isa = XCVersionGroup;
			children = (
				325BD98A1C10CADE00CDE602 /* myCoreDataModel.xcdatamodel */,
			);
			currentVersion = 325BD98A1C10CADE00CDE602 /* myCoreDataModel.xcdatamodel */;
			path = myCoreDataModel.xcdatamodeld;
			sourceTree = "<group>";
			versionGroupType = wrapper.xcdatamodel;
		};
/* End XCVersionGroup section */
	};
	rootObject = 3275A8691BEEA2DC00E0373E /* Project object */;
}
