// !$*UTF8*$!
{
	archiveVersion = 1;
	classes = {
	};
	objectVersion = 46;
	objects = {

/* Begin PBXBuildFile section */
		3275A8751BEEA2DC00E0373E /* AppDelegate.swift in Sources */ = {isa = PBXBuildFile; fileRef = 3275A8741BEEA2DC00E0373E /* AppDelegate.swift */; };
		3275A8771BEEA2DC00E0373E /* ViewController.swift in Sources */ = {isa = PBXBuildFile; fileRef = 3275A8761BEEA2DC00E0373E /* ViewController.swift */; };
		3275A87C1BEEA2DC00E0373E /* Assets.xcassets in Resources */ = {isa = PBXBuildFile; fileRef = 3275A87B1BEEA2DC00E0373E /* Assets.xcassets */; };
		3275A87F1BEEA2DC00E0373E /* LaunchScreen.storyboard in Resources */ = {isa = PBXBuildFile; fileRef = 3275A87D1BEEA2DC00E0373E /* LaunchScreen.storyboard */; };
		3275A88A1BEEA2DC00E0373E /* tabletopHelperTests.swift in Sources */ = {isa = PBXBuildFile; fileRef = 3275A8891BEEA2DC00E0373E /* tabletopHelperTests.swift */; };
		3275A8951BEEA2DC00E0373E /* tabletopHelperUITests.swift in Sources */ = {isa = PBXBuildFile; fileRef = 3275A8941BEEA2DC00E0373E /* tabletopHelperUITests.swift */; };
		3275A8A61BEED53A00E0373E /* Main.storyboard in Resources */ = {isa = PBXBuildFile; fileRef = 3275A8A41BEED53A00E0373E /* Main.storyboard */; };
		3275A8AA1BEED7CB00E0373E /* DiceViewController.swift in Sources */ = {isa = PBXBuildFile; fileRef = 3275A8A91BEED7CB00E0373E /* DiceViewController.swift */; };
		32B738A01BFD0446004B50F0 /* CounterViewController.swift in Sources */ = {isa = PBXBuildFile; fileRef = 32B7389F1BFD0446004B50F0 /* CounterViewController.swift */; };
		32E0F8A91BF3F0F6009CCE46 /* MyPageViewController.swift in Sources */ = {isa = PBXBuildFile; fileRef = 32E0F8A81BF3F0F6009CCE46 /* MyPageViewController.swift */; };
		32E0F8AB1BF3F2ED009CCE46 /* PageContentViewController.swift in Sources */ = {isa = PBXBuildFile; fileRef = 32E0F8AA1BF3F2ED009CCE46 /* PageContentViewController.swift */; };
		32E0F8AD1BF3FC14009CCE46 /* brick.png in Resources */ = {isa = PBXBuildFile; fileRef = 32E0F8AC1BF3FC14009CCE46 /* brick.png */; };
/* End PBXBuildFile section */

/* Begin PBXContainerItemProxy section */
		3275A8861BEEA2DC00E0373E /* PBXContainerItemProxy */ = {
			isa = PBXContainerItemProxy;
			containerPortal = 3275A8691BEEA2DC00E0373E /* Project object */;
			proxyType = 1;
			remoteGlobalIDString = 3275A8701BEEA2DC00E0373E;
			remoteInfo = tabletopHelper;
		};
		3275A8911BEEA2DC00E0373E /* PBXContainerItemProxy */ = {
			isa = PBXContainerItemProxy;
			containerPortal = 3275A8691BEEA2DC00E0373E /* Project object */;
			proxyType = 1;
			remoteGlobalIDString = 3275A8701BEEA2DC00E0373E;
			remoteInfo = tabletopHelper;
		};
/* End PBXContainerItemProxy section */

/* Begin PBXFileReference section */
		3275A8711BEEA2DC00E0373E /* tabletopHelper.app */ = {isa = PBXFileReference; explicitFileType = wrapper.application; includeInIndex = 0; path = tabletopHelper.app; sourceTree = BUILT_PRODUCTS_DIR; };
		3275A8741BEEA2DC00E0373E /* AppDelegate.swift */ = {isa = PBXFileReference; lastKnownFileType = sourcecode.swift; path = AppDelegate.swift; sourceTree = "<group>"; };
		3275A8761BEEA2DC00E0373E /* ViewController.swift */ = {isa = PBXFileReference; lastKnownFileType = sourcecode.swift; path = ViewController.swift; sourceTree = "<group>"; };
		3275A87B1BEEA2DC00E0373E /* Assets.xcassets */ = {isa = PBXFileReference; lastKnownFileType = folder.assetcatalog; path = Assets.xcassets; sourceTree = "<group>"; };
		3275A87E1BEEA2DC00E0373E /* Base */ = {isa = PBXFileReference; lastKnownFileType = file.storyboard; name = Base; path = Base.lproj/LaunchScreen.storyboard; sourceTree = "<group>"; };
		3275A8801BEEA2DC00E0373E /* Info.plist */ = {isa = PBXFileReference; lastKnownFileType = text.plist.xml; path = Info.plist; sourceTree = "<group>"; };
		3275A8851BEEA2DC00E0373E /* tabletopHelperTests.xctest */ = {isa = PBXFileReference; explicitFileType = wrapper.cfbundle; includeInIndex = 0; path = tabletopHelperTests.xctest; sourceTree = BUILT_PRODUCTS_DIR; };
		3275A8891BEEA2DC00E0373E /* tabletopHelperTests.swift */ = {isa = PBXFileReference; lastKnownFileType = sourcecode.swift; path = tabletopHelperTests.swift; sourceTree = "<group>"; };
		3275A88B1BEEA2DC00E0373E /* Info.plist */ = {isa = PBXFileReference; lastKnownFileType = text.plist.xml; path = Info.plist; sourceTree = "<group>"; };
		3275A8901BEEA2DC00E0373E /* tabletopHelperUITests.xctest */ = {isa = PBXFileReference; explicitFileType = wrapper.cfbundle; includeInIndex = 0; path = tabletopHelperUITests.xctest; sourceTree = BUILT_PRODUCTS_DIR; };
		3275A8941BEEA2DC00E0373E /* tabletopHelperUITests.swift */ = {isa = PBXFileReference; lastKnownFileType = sourcecode.swift; path = tabletopHelperUITests.swift; sourceTree = "<group>"; };
		3275A8961BEEA2DC00E0373E /* Info.plist */ = {isa = PBXFileReference; lastKnownFileType = text.plist.xml; path = Info.plist; sourceTree = "<group>"; };
		3275A8A51BEED53A00E0373E /* Base */ = {isa = PBXFileReference; lastKnownFileType = file.storyboard; name = Base; path = Base.lproj/Main.storyboard; sourceTree = "<group>"; };
		3275A8A91BEED7CB00E0373E /* DiceViewController.swift */ = {isa = PBXFileReference; fileEncoding = 4; lastKnownFileType = sourcecode.swift; path = DiceViewController.swift; sourceTree = "<group>"; };
		32B7389F1BFD0446004B50F0 /* CounterViewController.swift */ = {isa = PBXFileReference; fileEncoding = 4; lastKnownFileType = sourcecode.swift; path = CounterViewController.swift; sourceTree = "<group>"; };
		32E0F8A81BF3F0F6009CCE46 /* MyPageViewController.swift */ = {isa = PBXFileReference; fileEncoding = 4; lastKnownFileType = sourcecode.swift; path = MyPageViewController.swift; sourceTree = "<group>"; };
		32E0F8AA1BF3F2ED009CCE46 /* PageContentViewController.swift */ = {isa = PBXFileReference; fileEncoding = 4; lastKnownFileType = sourcecode.swift; path = PageContentViewController.swift; sourceTree = "<group>"; };
		32E0F8AC1BF3FC14009CCE46 /* brick.png */ = {isa = PBXFileReference; lastKnownFileType = image.png; path = brick.png; sourceTree = "<group>"; };
/* End PBXFileReference section */

/* Begin PBXFrameworksBuildPhase section */
		3275A86E1BEEA2DC00E0373E /* Frameworks */ = {
			isa = PBXFrameworksBuildPhase;
			buildActionMask = 2147483647;
			files = (
			);
			runOnlyForDeploymentPostprocessing = 0;
		};
		3275A8821BEEA2DC00E0373E /* Frameworks */ = {
			isa = PBXFrameworksBuildPhase;
			buildActionMask = 2147483647;
			files = (
			);
			runOnlyForDeploymentPostprocessing = 0;
		};
		3275A88D1BEEA2DC00E0373E /* Frameworks */ = {
			isa = PBXFrameworksBuildPhase;
			buildActionMask = 2147483647;
			files = (
			);
			runOnlyForDeploymentPostprocessing = 0;
		};
/* End PBXFrameworksBuildPhase section */

/* Begin PBXGroup section */
		3275A8681BEEA2DC00E0373E = {
			isa = PBXGroup;
			children = (
				3275A8731BEEA2DC00E0373E /* tabletopHelper */,
				3275A8881BEEA2DC00E0373E /* tabletopHelperTests */,
				3275A8931BEEA2DC00E0373E /* tabletopHelperUITests */,
				3275A8721BEEA2DC00E0373E /* Products */,
			);
			sourceTree = "<group>";
		};
		3275A8721BEEA2DC00E0373E /* Products */ = {
			isa = PBXGroup;
			children = (
				3275A8711BEEA2DC00E0373E /* tabletopHelper.app */,
				3275A8851BEEA2DC00E0373E /* tabletopHelperTests.xctest */,
				3275A8901BEEA2DC00E0373E /* tabletopHelperUITests.xctest */,
			);
			name = Products;
			sourceTree = "<group>";
		};
		3275A8731BEEA2DC00E0373E /* tabletopHelper */ = {
			isa = PBXGroup;
			children = (
				3275A8741BEEA2DC00E0373E /* AppDelegate.swift */,
				3275A8761BEEA2DC00E0373E /* ViewController.swift */,
				3275A8A41BEED53A00E0373E /* Main.storyboard */,
				32B7389F1BFD0446004B50F0 /* CounterViewController.swift */,
				32E0F8AC1BF3FC14009CCE46 /* brick.png */,
				32E0F8A81BF3F0F6009CCE46 /* MyPageViewController.swift */,
				32E0F8AA1BF3F2ED009CCE46 /* PageContentViewController.swift */,
				3275A87B1BEEA2DC00E0373E /* Assets.xcassets */,
				3275A87D1BEEA2DC00E0373E /* LaunchScreen.storyboard */,
				3275A8801BEEA2DC00E0373E /* Info.plist */,
				3275A8A91BEED7CB00E0373E /* DiceViewController.swift */,
			);
			path = tabletopHelper;
			sourceTree = "<group>";
		};
		3275A8881BEEA2DC00E0373E /* tabletopHelperTests */ = {
			isa = PBXGroup;
			children = (
				3275A8891BEEA2DC00E0373E /* tabletopHelperTests.swift */,
				3275A88B1BEEA2DC00E0373E /* Info.plist */,
			);
			path = tabletopHelperTests;
			sourceTree = "<group>";
		};
		3275A8931BEEA2DC00E0373E /* tabletopHelperUITests */ = {
			isa = PBXGroup;
			children = (
				3275A8941BEEA2DC00E0373E /* tabletopHelperUITests.swift */,
				3275A8961BEEA2DC00E0373E /* Info.plist */,
			);
			path = tabletopHelperUITests;
			sourceTree = "<group>";
		};
/* End PBXGroup section */

/* Begin PBXNativeTarget section */
		3275A8701BEEA2DC00E0373E /* tabletopHelper */ = {
			isa = PBXNativeTarget;
			buildConfigurationList = 3275A8991BEEA2DC00E0373E /* Build configuration list for PBXNativeTarget "tabletopHelper" */;
			buildPhases = (
				3275A86D1BEEA2DC00E0373E /* Sources */,
				3275A86E1BEEA2DC00E0373E /* Frameworks */,
				3275A86F1BEEA2DC00E0373E /* Resources */,
			);
			buildRules = (
			);
			dependencies = (
			);
			name = tabletopHelper;
			productName = tabletopHelper;
			productReference = 3275A8711BEEA2DC00E0373E /* tabletopHelper.app */;
			productType = "com.apple.product-type.application";
		};
		3275A8841BEEA2DC00E0373E /* tabletopHelperTests */ = {
			isa = PBXNativeTarget;
			buildConfigurationList = 3275A89C1BEEA2DC00E0373E /* Build configuration list for PBXNativeTarget "tabletopHelperTests" */;
			buildPhases = (
				3275A8811BEEA2DC00E0373E /* Sources */,
				3275A8821BEEA2DC00E0373E /* Frameworks */,
				3275A8831BEEA2DC00E0373E /* Resources */,
			);
			buildRules = (
			);
			dependencies = (
				3275A8871BEEA2DC00E0373E /* PBXTargetDependency */,
			);
			name = tabletopHelperTests;
			productName = tabletopHelperTests;
			productReference = 3275A8851BEEA2DC00E0373E /* tabletopHelperTests.xctest */;
			productType = "com.apple.product-type.bundle.unit-test";
		};
		3275A88F1BEEA2DC00E0373E /* tabletopHelperUITests */ = {
			isa = PBXNativeTarget;
			buildConfigurationList = 3275A89F1BEEA2DC00E0373E /* Build configuration list for PBXNativeTarget "tabletopHelperUITests" */;
			buildPhases = (
				3275A88C1BEEA2DC00E0373E /* Sources */,
				3275A88D1BEEA2DC00E0373E /* Frameworks */,
				3275A88E1BEEA2DC00E0373E /* Resources */,
			);
			buildRules = (
			);
			dependencies = (
				3275A8921BEEA2DC00E0373E /* PBXTargetDependency */,
			);
			name = tabletopHelperUITests;
			productName = tabletopHelperUITests;
			productReference = 3275A8901BEEA2DC00E0373E /* tabletopHelperUITests.xctest */;
			productType = "com.apple.product-type.bundle.ui-testing";
		};
/* End PBXNativeTarget section */

/* Begin PBXProject section */
		3275A8691BEEA2DC00E0373E /* Project object */ = {
			isa = PBXProject;
			attributes = {
				LastSwiftUpdateCheck = 0710;
				LastUpgradeCheck = 0710;
				ORGANIZATIONNAME = "Bruce Randall";
				TargetAttributes = {
					3275A8701BEEA2DC00E0373E = {
						CreatedOnToolsVersion = 7.1;
					};
					3275A8841BEEA2DC00E0373E = {
						CreatedOnToolsVersion = 7.1;
						TestTargetID = 3275A8701BEEA2DC00E0373E;
					};
					3275A88F1BEEA2DC00E0373E = {
						CreatedOnToolsVersion = 7.1;
						TestTargetID = 3275A8701BEEA2DC00E0373E;
					};
				};
			};
			buildConfigurationList = 3275A86C1BEEA2DC00E0373E /* Build configuration list for PBXProject "tabletopHelper" */;
			compatibilityVersion = "Xcode 3.2";
			developmentRegion = English;
			hasScannedForEncodings = 0;
			knownRegions = (
				en,
				Base,
			);
			mainGroup = 3275A8681BEEA2DC00E0373E;
			productRefGroup = 3275A8721BEEA2DC00E0373E /* Products */;
			projectDirPath = "";
			projectRoot = "";
			targets = (
				3275A8701BEEA2DC00E0373E /* tabletopHelper */,
				3275A8841BEEA2DC00E0373E /* tabletopHelperTests */,
				3275A88F1BEEA2DC00E0373E /* tabletopHelperUITests */,
			);
		};
/* End PBXProject section */

/* Begin PBXResourcesBuildPhase section */
		3275A86F1BEEA2DC00E0373E /* Resources */ = {
			isa = PBXResourcesBuildPhase;
			buildActionMask = 2147483647;
			files = (
				3275A8A61BEED53A00E0373E /* Main.storyboard in Resources */,
				3275A87F1BEEA2DC00E0373E /* LaunchScreen.storyboard in Resources */,
				3275A87C1BEEA2DC00E0373E /* Assets.xcassets in Resources */,
				32E0F8AD1BF3FC14009CCE46 /* brick.png in Resources */,
			);
			runOnlyForDeploymentPostprocessing = 0;
		};
		3275A8831BEEA2DC00E0373E /* Resources */ = {
			isa = PBXResourcesBuildPhase;
			buildActionMask = 2147483647;
			files = (
			);
			runOnlyForDeploymentPostprocessing = 0;
		};
		3275A88E1BEEA2DC00E0373E /* Resources */ = {
			isa = PBXResourcesBuildPhase;
			buildActionMask = 2147483647;
			files = (
			);
			runOnlyForDeploymentPostprocessing = 0;
		};
/* End PBXResourcesBuildPhase section */

/* Begin PBXSourcesBuildPhase section */
		3275A86D1BEEA2DC00E0373E /* Sources */ = {
			isa = PBXSourcesBuildPhase;
			buildActionMask = 2147483647;
			files = (
				3275A8771BEEA2DC00E0373E /* ViewController.swift in Sources */,
				3275A8AA1BEED7CB00E0373E /* DiceViewController.swift in Sources */,
				32E0F8AB1BF3F2ED009CCE46 /* PageContentViewController.swift in Sources */,
				32B738A01BFD0446004B50F0 /* CounterViewController.swift in Sources */,
				3275A8751BEEA2DC00E0373E /* AppDelegate.swift in Sources */,
				32E0F8A91BF3F0F6009CCE46 /* MyPageViewController.swift in Sources */,
			);
			runOnlyForDeploymentPostprocessing = 0;
		};
		3275A8811BEEA2DC00E0373E /* Sources */ = {
			isa = PBXSourcesBuildPhase;
			buildActionMask = 2147483647;
			files = (
				3275A88A1BEEA2DC00E0373E /* tabletopHelperTests.swift in Sources */,
			);
			runOnlyForDeploymentPostprocessing = 0;
		};
		3275A88C1BEEA2DC00E0373E /* Sources */ = {
			isa = PBXSourcesBuildPhase;
			buildActionMask = 2147483647;
			files = (
				3275A8951BEEA2DC00E0373E /* tabletopHelperUITests.swift in Sources */,
			);
			runOnlyForDeploymentPostprocessing = 0;
		};
/* End PBXSourcesBuildPhase section */

/* Begin PBXTargetDependency section */
		3275A8871BEEA2DC00E0373E /* PBXTargetDependency */ = {
			isa = PBXTargetDependency;
			target = 3275A8701BEEA2DC00E0373E /* tabletopHelper */;
			targetProxy = 3275A8861BEEA2DC00E0373E /* PBXContainerItemProxy */;
		};
		3275A8921BEEA2DC00E0373E /* PBXTargetDependency */ = {
			isa = PBXTargetDependency;
			target = 3275A8701BEEA2DC00E0373E /* tabletopHelper */;
			targetProxy = 3275A8911BEEA2DC00E0373E /* PBXContainerItemProxy */;
		};
/* End PBXTargetDependency section */

/* Begin PBXVariantGroup section */
		3275A87D1BEEA2DC00E0373E /* LaunchScreen.storyboard */ = {
			isa = PBXVariantGroup;
			children = (
				3275A87E1BEEA2DC00E0373E /* Base */,
			);
			name = LaunchScreen.storyboard;
			sourceTree = "<group>";
		};
		3275A8A41BEED53A00E0373E /* Main.storyboard */ = {
			isa = PBXVariantGroup;
			children = (
				3275A8A51BEED53A00E0373E /* Base */,
			);
			name = Main.storyboard;
			sourceTree = "<group>";
		};
/* End PBXVariantGroup section */

/* Begin XCBuildConfiguration section */
		3275A8971BEEA2DC00E0373E /* Debug */ = {
			isa = XCBuildConfiguration;
			buildSettings = {
				ALWAYS_SEARCH_USER_PATHS = NO;
				CLANG_CXX_LANGUAGE_STANDARD = "gnu++0x";
				CLANG_CXX_LIBRARY = "libc++";
				CLANG_ENABLE_MODULES = YES;
				CLANG_ENABLE_OBJC_ARC = YES;
				CLANG_WARN_BOOL_CONVERSION = YES;
				CLANG_WARN_CONSTANT_CONVERSION = YES;
				CLANG_WARN_DIRECT_OBJC_ISA_USAGE = YES_ERROR;
				CLANG_WARN_EMPTY_BODY = YES;
				CLANG_WARN_ENUM_CONVERSION = YES;
				CLANG_WARN_INT_CONVERSION = YES;
				CLANG_WARN_OBJC_ROOT_CLASS = YES_ERROR;
				CLANG_WARN_UNREACHABLE_CODE = YES;
				CLANG_WARN__DUPLICATE_METHOD_MATCH = YES;
				"CODE_SIGN_IDENTITY[sdk=iphoneos*]" = "iPhone Developer";
				COPY_PHASE_STRIP = NO;
				DEBUG_INFORMATION_FORMAT = dwarf;
				ENABLE_STRICT_OBJC_MSGSEND = YES;
				ENABLE_TESTABILITY = YES;
				GCC_C_LANGUAGE_STANDARD = gnu99;
				GCC_DYNAMIC_NO_PIC = NO;
				GCC_NO_COMMON_BLOCKS = YES;
				GCC_OPTIMIZATION_LEVEL = 0;
				GCC_PREPROCESSOR_DEFINITIONS = (
					"DEBUG=1",
					"$(inherited)",
				);
				GCC_WARN_64_TO_32_BIT_CONVERSION = YES;
				GCC_WARN_ABOUT_RETURN_TYPE = YES_ERROR;
				GCC_WARN_UNDECLARED_SELECTOR = YES;
				GCC_WARN_UNINITIALIZED_AUTOS = YES_AGGRESSIVE;
				GCC_WARN_UNUSED_FUNCTION = YES;
				GCC_WARN_UNUSED_VARIABLE = YES;
				IPHONEOS_DEPLOYMENT_TARGET = 9.1;
				MTL_ENABLE_DEBUG_INFO = YES;
				ONLY_ACTIVE_ARCH = YES;
				SDKROOT = iphoneos;
				SWIFT_OPTIMIZATION_LEVEL = "-Onone";
			};
			name = Debug;
		};
		3275A8981BEEA2DC00E0373E /* Release */ = {
			isa = XCBuildConfiguration;
			buildSettings = {
				ALWAYS_SEARCH_USER_PATHS = NO;
				CLANG_CXX_LANGUAGE_STANDARD = "gnu++0x";
				CLANG_CXX_LIBRARY = "libc++";
				CLANG_ENABLE_MODULES = YES;
				CLANG_ENABLE_OBJC_ARC = YES;
				CLANG_WARN_BOOL_CONVERSION = YES;
				CLANG_WARN_CONSTANT_CONVERSION = YES;
				CLANG_WARN_DIRECT_OBJC_ISA_USAGE = YES_ERROR;
				CLANG_WARN_EMPTY_BODY = YES;
				CLANG_WARN_ENUM_CONVERSION = YES;
				CLANG_WARN_INT_CONVERSION = YES;
				CLANG_WARN_OBJC_ROOT_CLASS = YES_ERROR;
				CLANG_WARN_UNREACHABLE_CODE = YES;
				CLANG_WARN__DUPLICATE_METHOD_MATCH = YES;
				"CODE_SIGN_IDENTITY[sdk=iphoneos*]" = "iPhone Developer";
				COPY_PHASE_STRIP = NO;
				DEBUG_INFORMATION_FORMAT = "dwarf-with-dsym";
				ENABLE_NS_ASSERTIONS = NO;
				ENABLE_STRICT_OBJC_MSGSEND = YES;
				GCC_C_LANGUAGE_STANDARD = gnu99;
				GCC_NO_COMMON_BLOCKS = YES;
				GCC_WARN_64_TO_32_BIT_CONVERSION = YES;
				GCC_WARN_ABOUT_RETURN_TYPE = YES_ERROR;
				GCC_WARN_UNDECLARED_SELECTOR = YES;
				GCC_WARN_UNINITIALIZED_AUTOS = YES_AGGRESSIVE;
				GCC_WARN_UNUSED_FUNCTION = YES;
				GCC_WARN_UNUSED_VARIABLE = YES;
				IPHONEOS_DEPLOYMENT_TARGET = 9.1;
				MTL_ENABLE_DEBUG_INFO = NO;
				SDKROOT = iphoneos;
				VALIDATE_PRODUCT = YES;
			};
			name = Release;
		};
		3275A89A1BEEA2DC00E0373E /* Debug */ = {
			isa = XCBuildConfiguration;
			buildSettings = {
				ASSETCATALOG_COMPILER_APPICON_NAME = AppIcon;
				INFOPLIST_FILE = tabletopHelper/Info.plist;
				LD_RUNPATH_SEARCH_PATHS = "$(inherited) @executable_path/Frameworks";
				PRODUCT_BUNDLE_IDENTIFIER = com.bruceRandall.tabletopHelper;
				PRODUCT_NAME = "$(TARGET_NAME)";
				TARGETED_DEVICE_FAMILY = 1;
			};
			name = Debug;
		};
		3275A89B1BEEA2DC00E0373E /* Release */ = {
			isa = XCBuildConfiguration;
			buildSettings = {
				ASSETCATALOG_COMPILER_APPICON_NAME = AppIcon;
				INFOPLIST_FILE = tabletopHelper/Info.plist;
				LD_RUNPATH_SEARCH_PATHS = "$(inherited) @executable_path/Frameworks";
				PRODUCT_BUNDLE_IDENTIFIER = com.bruceRandall.tabletopHelper;
				PRODUCT_NAME = "$(TARGET_NAME)";
				TARGETED_DEVICE_FAMILY = 1;
			};
			name = Release;
		};
		3275A89D1BEEA2DC00E0373E /* Debug */ = {
			isa = XCBuildConfiguration;
			buildSettings = {
				BUNDLE_LOADER = "$(TEST_HOST)";
				INFOPLIST_FILE = tabletopHelperTests/Info.plist;
				LD_RUNPATH_SEARCH_PATHS = "$(inherited) @executable_path/Frameworks @loader_path/Frameworks";
				PRODUCT_BUNDLE_IDENTIFIER = com.bruceRandall.tabletopHelperTests;
				PRODUCT_NAME = "$(TARGET_NAME)";
				TEST_HOST = "$(BUILT_PRODUCTS_DIR)/tabletopHelper.app/tabletopHelper";
			};
			name = Debug;
		};
		3275A89E1BEEA2DC00E0373E /* Release */ = {
			isa = XCBuildConfiguration;
			buildSettings = {
				BUNDLE_LOADER = "$(TEST_HOST)";
				INFOPLIST_FILE = tabletopHelperTests/Info.plist;
				LD_RUNPATH_SEARCH_PATHS = "$(inherited) @executable_path/Frameworks @loader_path/Frameworks";
				PRODUCT_BUNDLE_IDENTIFIER = com.bruceRandall.tabletopHelperTests;
				PRODUCT_NAME = "$(TARGET_NAME)";
				TEST_HOST = "$(BUILT_PRODUCTS_DIR)/tabletopHelper.app/tabletopHelper";
			};
			name = Release;
		};
		3275A8A01BEEA2DC00E0373E /* Debug */ = {
			isa = XCBuildConfiguration;
			buildSettings = {
				INFOPLIST_FILE = tabletopHelperUITests/Info.plist;
				LD_RUNPATH_SEARCH_PATHS = "$(inherited) @executable_path/Frameworks @loader_path/Frameworks";
				PRODUCT_BUNDLE_IDENTIFIER = com.bruceRandall.tabletopHelperUITests;
				PRODUCT_NAME = "$(TARGET_NAME)";
				TEST_TARGET_NAME = tabletopHelper;
				USES_XCTRUNNER = YES;
			};
			name = Debug;
		};
		3275A8A11BEEA2DC00E0373E /* Release */ = {
			isa = XCBuildConfiguration;
			buildSettings = {
				INFOPLIST_FILE = tabletopHelperUITests/Info.plist;
				LD_RUNPATH_SEARCH_PATHS = "$(inherited) @executable_path/Frameworks @loader_path/Frameworks";
				PRODUCT_BUNDLE_IDENTIFIER = com.bruceRandall.tabletopHelperUITests;
				PRODUCT_NAME = "$(TARGET_NAME)";
				TEST_TARGET_NAME = tabletopHelper;
				USES_XCTRUNNER = YES;
			};
			name = Release;
		};
/* End XCBuildConfiguration section */

/* Begin XCConfigurationList section */
		3275A86C1BEEA2DC00E0373E /* Build configuration list for PBXProject "tabletopHelper" */ = {
			isa = XCConfigurationList;
			buildConfigurations = (
				3275A8971BEEA2DC00E0373E /* Debug */,
				3275A8981BEEA2DC00E0373E /* Release */,
			);
			defaultConfigurationIsVisible = 0;
			defaultConfigurationName = Release;
		};
		3275A8991BEEA2DC00E0373E /* Build configuration list for PBXNativeTarget "tabletopHelper" */ = {
			isa = XCConfigurationList;
			buildConfigurations = (
				3275A89A1BEEA2DC00E0373E /* Debug */,
				3275A89B1BEEA2DC00E0373E /* Release */,
			);
			defaultConfigurationIsVisible = 0;
			defaultConfigurationName = Release;
		};
		3275A89C1BEEA2DC00E0373E /* Build configuration list for PBXNativeTarget "tabletopHelperTests" */ = {
			isa = XCConfigurationList;
			buildConfigurations = (
				3275A89D1BEEA2DC00E0373E /* Debug */,
				3275A89E1BEEA2DC00E0373E /* Release */,
			);
			defaultConfigurationIsVisible = 0;
			defaultConfigurationName = Release;
		};
		3275A89F1BEEA2DC00E0373E /* Build configuration list for PBXNativeTarget "tabletopHelperUITests" */ = {
			isa = XCConfigurationList;
			buildConfigurations = (
				3275A8A01BEEA2DC00E0373E /* Debug */,
				3275A8A11BEEA2DC00E0373E /* Release */,
			);
			defaultConfigurationIsVisible = 0;
			defaultConfigurationName = Release;
		};
/* End XCConfigurationList section */
	};
	rootObject = 3275A8691BEEA2DC00E0373E /* Project object */;
}
